
Microsoft Visual Studio Solution File, Format Version 12.00
# Visual Studio Version 17
VisualStudioVersion = 17.7.34024.191
MinimumVisualStudioVersion = 10.0.40219.1
Project("{FAE04EC0-301F-11D3-BF4B-00C04F79EFBC}") = "Uppgift 2.2 inl", "Uppgift 2.2 inl\Uppgift 2.2 inl.csproj", "{201F9ED2-336E-436D-98D3-33CE83FC8F53}"
EndProject
Global
	GlobalSection(SolutionConfigurationPlatforms) = preSolution
		Debug|Any CPU = Debug|Any CPU
		Release|Any CPU = Release|Any CPU
	EndGlobalSection
	GlobalSection(ProjectConfigurationPlatforms) = postSolution
		{201F9ED2-336E-436D-98D3-33CE83FC8F53}.Debug|Any CPU.ActiveCfg = Debug|Any CPU
		{201F9ED2-336E-436D-98D3-33CE83FC8F53}.Debug|Any CPU.Build.0 = Debug|Any CPU
		{201F9ED2-336E-436D-98D3-33CE83FC8F53}.Release|Any CPU.ActiveCfg = Release|Any CPU
		{201F9ED2-336E-436D-98D3-33CE83FC8F53}.Release|Any CPU.Build.0 = Release|Any CPU
	EndGlobalSection
	GlobalSection(SolutionProperties) = preSolution
		HideSolutionNode = FALSE
	EndGlobalSection
	GlobalSection(ExtensibilityGlobals) = postSolution
		SolutionGuid = {2DD17FE0-1CDE-4093-B514-F70B66E94EC2}
	EndGlobalSection
EndGlobal
